<?xml version="1.0" encoding="utf-8"?>
<Project ToolsVersion="4.0" xmlns="http://schemas.microsoft.com/developer/msbuild/2003">
  <ItemGroup>
    <Filter Include="Header Files">
      <UniqueIdentifier>{93995380-89BD-4b04-88EB-625FBE52EBFB}</UniqueIdentifier>
      <Extensions>h;hh;hpp;hxx;h++;hm;inl;inc;ipp;xsd</Extensions>
    </Filter>
    <Filter Include="Resource Files">
      <UniqueIdentifier>{67DA6AB6-F800-4c08-8B7A-83BB121AAD01}</UniqueIdentifier>
      <Extensions>rc;ico;cur;bmp;dlg;rc2;rct;bin;rgs;gif;jpg;jpeg;jpe;resx;tiff;tif;png;wav;mfcribbon-ms</Extensions>
    </Filter>
    <Filter Include="Resource Files\Data">
      <UniqueIdentifier>{b9fd514f-d65b-4220-9d9f-98a7b6dba6b8}</UniqueIdentifier>
    </Filter>
    <Filter Include="Source Files">
      <UniqueIdentifier>{4FC737F1-C7A5-4376-A066-2A32D752A2FF}</UniqueIdentifier>
      <Extensions>cpp;c;cc;cxx;c++;cppm;ixx;def;odl;idl;hpj;bat;asm;asmx</Extensions>
    </Filter>
    <Filter Include="Source Files\Model">
      <UniqueIdentifier>{8ab79c38-6dd1-4e1d-8e0c-25eb6f642298}</UniqueIdentifier>
    </Filter>
    <Filter Include="Source Files\SRC">
      <UniqueIdentifier>{67c0e7f2-09ff-4dde-8003-0d67a5e5571a}</UniqueIdentifier>
    </Filter>
    <Filter Include="Source Files\io.">
      <UniqueIdentifier>{46f2a14f-e2fd-4a4d-847a-7abf1291d2d7}</UniqueIdentifier>
    </Filter>
  </ItemGroup>
  <ItemGroup>
    <ClInclude Include="Admin.h">
      <Filter>Header Files</Filter>
    </ClInclude>
    <ClInclude Include="CashIt.h">
      <Filter>Header Files</Filter>
    </ClInclude>
    <ClInclude Include="Encryptions.h">
      <Filter>Header Files</Filter>
    </ClInclude>
    <ClInclude Include="FileReader.h">
      <Filter>Header Files</Filter>
    </ClInclude>
    <ClInclude Include="FileWriter.h">
      <Filter>Header Files</Filter>
    </ClInclude>
    <ClInclude Include="Requests.h">
      <Filter>Header Files</Filter>
    </ClInclude>
    <ClInclude Include="Transactions.h">
      <Filter>Header Files</Filter>
    </ClInclude>
    <ClInclude Include="User.h">
      <Filter>Header Files</Filter>
    </ClInclude>
  </ItemGroup>
  <ItemGroup>
    <ClCompile Include="Admin.cpp">
      <Filter>Source Files\Model</Filter>
    </ClCompile>
    <ClCompile Include="CashIt.cpp">
      <Filter>Source Files\Model</Filter>
    </ClCompile>
    <ClCompile Include="Encryptions.cpp">
      <Filter>Source Files\Model</Filter>
    </ClCompile>
    <ClCompile Include="Requests.cpp">
      <Filter>Source Files\Model</Filter>
    </ClCompile>
    <ClCompile Include="Transactions.cpp">
      <Filter>Source Files\Model</Filter>
    </ClCompile>
    <ClCompile Include="User.cpp">
      <Filter>Source Files\Model</Filter>
    </ClCompile>
    <ClCompile Include="Source.cpp">
      <Filter>Source Files\SRC</Filter>
    </ClCompile>
    <ClCompile Include="FileReader.cpp">
      <Filter>Source Files\io.</Filter>
    </ClCompile>
    <ClCompile Include="FileWriter.cpp">
      <Filter>Source Files\io.</Filter>
    </ClCompile>
  </ItemGroup>
  <ItemGroup>
    <Text Include="Users.txt">
      <Filter>Resource Files\Data</Filter>
    </Text>
    <Text Include="Admins.txt">
      <Filter>Resource Files\Data</Filter>
    </Text>
    <Text Include="AllTransactions.txt">
      <Filter>Resource Files\Data</Filter>
    </Text>
    <Text Include="FilesHoldingOriginalPasswordsForTestingONLY.txt">
      <Filter>Resource Files\Data</Filter>
    </Text>
  </ItemGroup>
</Project>